
Microsoft Visual Studio Solution File, Format Version 12.00
# Visual Studio Version 16
VisualStudioVersion = 16.0.30320.27
MinimumVisualStudioVersion = 15.0.26124.0
Project("{9A19103F-16F7-4668-BE54-9A1E7A4F7556}") = "Alley", "Alley\Alley.csproj", "{5313E94C-C099-4952-81CE-A889C3346BC3}"
EndProject
Project("{FAE04EC0-301F-11D3-BF4B-00C04F79EFBC}") = "Alley.Core", "Alley.Core\Alley.Core.csproj", "{731322F7-EEDB-449F-ABC2-6DA8EC3ACA02}"
EndProject
Project("{FAE04EC0-301F-11D3-BF4B-00C04F79EFBC}") = "Alley.Definitions", "Alley.Definitions\Alley.Definitions.csproj", "{5D87E9E6-E20C-4DE0-AD34-EE8CBD75A2DC}"
EndProject
Project("{FAE04EC0-301F-11D3-BF4B-00C04F79EFBC}") = "Alley.Definitions.Tests", "Alley.Definitions.Tests\Alley.Definitions.Tests.csproj", "{85699703-7990-475C-B6DC-5DB834E30A64}"
EndProject
Project("{FAE04EC0-301F-11D3-BF4B-00C04F79EFBC}") = "Alley.Utils", "Alley.Utils\Alley.Utils.csproj", "{C69CD8DA-2928-479C-B684-A8E46F16E229}"
EndProject
Project("{FAE04EC0-301F-11D3-BF4B-00C04F79EFBC}") = "Alley.Context", "Alley.Context\Alley.Context.csproj", "{6905F74E-BAD3-4466-8499-6D2B1DFA4676}"
EndProject
Project("{FAE04EC0-301F-11D3-BF4B-00C04F79EFBC}") = "Alley.Serialization", "Alley.Serialization\Alley.Serialization.csproj", "{0D3DF8BE-8B9D-43FB-8C6E-C787819F88D9}"
EndProject
Project("{FAE04EC0-301F-11D3-BF4B-00C04F79EFBC}") = "Alley.Context.Tests", "Alley.Context.Tests\Alley.Context.Tests.csproj", "{1155E599-4310-4CCD-8AEE-9F612D936A32}"
EndProject
Project("{FAE04EC0-301F-11D3-BF4B-00C04F79EFBC}") = "Alley.LoadBalancing", "Alley.LoadBalancing\Alley.LoadBalancing.csproj", "{C3F31B94-9330-4398-AF30-2BB151395763}"
EndProject
Project("{FAE04EC0-301F-11D3-BF4B-00C04F79EFBC}") = "Alley.LoadBalancing.Tests", "Alley.LoadBalancing.Tests\Alley.LoadBalancing.Tests.csproj", "{C3FC2874-5477-4067-B624-1270C70B9DA0}"
EndProject
Project("{FAE04EC0-301F-11D3-BF4B-00C04F79EFBC}") = "Alley.Monitoring", "Alley.Monitoring\Alley.Monitoring.csproj", "{A326CFFD-079C-4593-B0F1-2BCD3B5EC1C5}"
EndProject
Project("{FAE04EC0-301F-11D3-BF4B-00C04F79EFBC}") = "Alley.Management", "Alley.Management\Alley.Management.csproj", "{808DF864-59EE-4443-BBF6-9D15D843CBFA}"
EndProject
Global
	GlobalSection(SolutionConfigurationPlatforms) = preSolution
		Debug|Any CPU = Debug|Any CPU
		Debug|x64 = Debug|x64
		Debug|x86 = Debug|x86
		Release|Any CPU = Release|Any CPU
		Release|x64 = Release|x64
		Release|x86 = Release|x86
	EndGlobalSection
	GlobalSection(ProjectConfigurationPlatforms) = postSolution
		{5313E94C-C099-4952-81CE-A889C3346BC3}.Debug|Any CPU.ActiveCfg = Debug|Any CPU
		{5313E94C-C099-4952-81CE-A889C3346BC3}.Debug|Any CPU.Build.0 = Debug|Any CPU
		{5313E94C-C099-4952-81CE-A889C3346BC3}.Debug|x64.ActiveCfg = Debug|Any CPU
		{5313E94C-C099-4952-81CE-A889C3346BC3}.Debug|x64.Build.0 = Debug|Any CPU
		{5313E94C-C099-4952-81CE-A889C3346BC3}.Debug|x86.ActiveCfg = Debug|Any CPU
		{5313E94C-C099-4952-81CE-A889C3346BC3}.Debug|x86.Build.0 = Debug|Any CPU
		{5313E94C-C099-4952-81CE-A889C3346BC3}.Release|Any CPU.ActiveCfg = Release|Any CPU
		{5313E94C-C099-4952-81CE-A889C3346BC3}.Release|Any CPU.Build.0 = Release|Any CPU
		{5313E94C-C099-4952-81CE-A889C3346BC3}.Release|x64.ActiveCfg = Release|Any CPU
		{5313E94C-C099-4952-81CE-A889C3346BC3}.Release|x64.Build.0 = Release|Any CPU
		{5313E94C-C099-4952-81CE-A889C3346BC3}.Release|x86.ActiveCfg = Release|Any CPU
		{5313E94C-C099-4952-81CE-A889C3346BC3}.Release|x86.Build.0 = Release|Any CPU
		{731322F7-EEDB-449F-ABC2-6DA8EC3ACA02}.Debug|Any CPU.ActiveCfg = Debug|Any CPU
		{731322F7-EEDB-449F-ABC2-6DA8EC3ACA02}.Debug|Any CPU.Build.0 = Debug|Any CPU
		{731322F7-EEDB-449F-ABC2-6DA8EC3ACA02}.Debug|x64.ActiveCfg = Debug|Any CPU
		{731322F7-EEDB-449F-ABC2-6DA8EC3ACA02}.Debug|x64.Build.0 = Debug|Any CPU
		{731322F7-EEDB-449F-ABC2-6DA8EC3ACA02}.Debug|x86.ActiveCfg = Debug|Any CPU
		{731322F7-EEDB-449F-ABC2-6DA8EC3ACA02}.Debug|x86.Build.0 = Debug|Any CPU
		{731322F7-EEDB-449F-ABC2-6DA8EC3ACA02}.Release|Any CPU.ActiveCfg = Release|Any CPU
		{731322F7-EEDB-449F-ABC2-6DA8EC3ACA02}.Release|Any CPU.Build.0 = Release|Any CPU
		{731322F7-EEDB-449F-ABC2-6DA8EC3ACA02}.Release|x64.ActiveCfg = Release|Any CPU
		{731322F7-EEDB-449F-ABC2-6DA8EC3ACA02}.Release|x64.Build.0 = Release|Any CPU
		{731322F7-EEDB-449F-ABC2-6DA8EC3ACA02}.Release|x86.ActiveCfg = Release|Any CPU
		{731322F7-EEDB-449F-ABC2-6DA8EC3ACA02}.Release|x86.Build.0 = Release|Any CPU
		{5D87E9E6-E20C-4DE0-AD34-EE8CBD75A2DC}.Debug|Any CPU.ActiveCfg = Debug|Any CPU
		{5D87E9E6-E20C-4DE0-AD34-EE8CBD75A2DC}.Debug|Any CPU.Build.0 = Debug|Any CPU
		{5D87E9E6-E20C-4DE0-AD34-EE8CBD75A2DC}.Debug|x64.ActiveCfg = Debug|Any CPU
		{5D87E9E6-E20C-4DE0-AD34-EE8CBD75A2DC}.Debug|x64.Build.0 = Debug|Any CPU
		{5D87E9E6-E20C-4DE0-AD34-EE8CBD75A2DC}.Debug|x86.ActiveCfg = Debug|Any CPU
		{5D87E9E6-E20C-4DE0-AD34-EE8CBD75A2DC}.Debug|x86.Build.0 = Debug|Any CPU
		{5D87E9E6-E20C-4DE0-AD34-EE8CBD75A2DC}.Release|Any CPU.ActiveCfg = Release|Any CPU
		{5D87E9E6-E20C-4DE0-AD34-EE8CBD75A2DC}.Release|Any CPU.Build.0 = Release|Any CPU
		{5D87E9E6-E20C-4DE0-AD34-EE8CBD75A2DC}.Release|x64.ActiveCfg = Release|Any CPU
		{5D87E9E6-E20C-4DE0-AD34-EE8CBD75A2DC}.Release|x64.Build.0 = Release|Any CPU
		{5D87E9E6-E20C-4DE0-AD34-EE8CBD75A2DC}.Release|x86.ActiveCfg = Release|Any CPU
		{5D87E9E6-E20C-4DE0-AD34-EE8CBD75A2DC}.Release|x86.Build.0 = Release|Any CPU
		{85699703-7990-475C-B6DC-5DB834E30A64}.Debug|Any CPU.ActiveCfg = Debug|Any CPU
		{85699703-7990-475C-B6DC-5DB834E30A64}.Debug|Any CPU.Build.0 = Debug|Any CPU
		{85699703-7990-475C-B6DC-5DB834E30A64}.Debug|x64.ActiveCfg = Debug|Any CPU
		{85699703-7990-475C-B6DC-5DB834E30A64}.Debug|x64.Build.0 = Debug|Any CPU
		{85699703-7990-475C-B6DC-5DB834E30A64}.Debug|x86.ActiveCfg = Debug|Any CPU
		{85699703-7990-475C-B6DC-5DB834E30A64}.Debug|x86.Build.0 = Debug|Any CPU
		{85699703-7990-475C-B6DC-5DB834E30A64}.Release|Any CPU.ActiveCfg = Release|Any CPU
		{85699703-7990-475C-B6DC-5DB834E30A64}.Release|Any CPU.Build.0 = Release|Any CPU
		{85699703-7990-475C-B6DC-5DB834E30A64}.Release|x64.ActiveCfg = Release|Any CPU
		{85699703-7990-475C-B6DC-5DB834E30A64}.Release|x64.Build.0 = Release|Any CPU
		{85699703-7990-475C-B6DC-5DB834E30A64}.Release|x86.ActiveCfg = Release|Any CPU
		{85699703-7990-475C-B6DC-5DB834E30A64}.Release|x86.Build.0 = Release|Any CPU
		{C69CD8DA-2928-479C-B684-A8E46F16E229}.Debug|Any CPU.ActiveCfg = Debug|Any CPU
		{C69CD8DA-2928-479C-B684-A8E46F16E229}.Debug|Any CPU.Build.0 = Debug|Any CPU
		{C69CD8DA-2928-479C-B684-A8E46F16E229}.Debug|x64.ActiveCfg = Debug|Any CPU
		{C69CD8DA-2928-479C-B684-A8E46F16E229}.Debug|x64.Build.0 = Debug|Any CPU
		{C69CD8DA-2928-479C-B684-A8E46F16E229}.Debug|x86.ActiveCfg = Debug|Any CPU
		{C69CD8DA-2928-479C-B684-A8E46F16E229}.Debug|x86.Build.0 = Debug|Any CPU
		{C69CD8DA-2928-479C-B684-A8E46F16E229}.Release|Any CPU.ActiveCfg = Release|Any CPU
		{C69CD8DA-2928-479C-B684-A8E46F16E229}.Release|Any CPU.Build.0 = Release|Any CPU
		{C69CD8DA-2928-479C-B684-A8E46F16E229}.Release|x64.ActiveCfg = Release|Any CPU
		{C69CD8DA-2928-479C-B684-A8E46F16E229}.Release|x64.Build.0 = Release|Any CPU
		{C69CD8DA-2928-479C-B684-A8E46F16E229}.Release|x86.ActiveCfg = Release|Any CPU
		{C69CD8DA-2928-479C-B684-A8E46F16E229}.Release|x86.Build.0 = Release|Any CPU
		{6905F74E-BAD3-4466-8499-6D2B1DFA4676}.Debug|Any CPU.ActiveCfg = Debug|Any CPU
		{6905F74E-BAD3-4466-8499-6D2B1DFA4676}.Debug|Any CPU.Build.0 = Debug|Any CPU
		{6905F74E-BAD3-4466-8499-6D2B1DFA4676}.Debug|x64.ActiveCfg = Debug|Any CPU
		{6905F74E-BAD3-4466-8499-6D2B1DFA4676}.Debug|x64.Build.0 = Debug|Any CPU
		{6905F74E-BAD3-4466-8499-6D2B1DFA4676}.Debug|x86.ActiveCfg = Debug|Any CPU
		{6905F74E-BAD3-4466-8499-6D2B1DFA4676}.Debug|x86.Build.0 = Debug|Any CPU
		{6905F74E-BAD3-4466-8499-6D2B1DFA4676}.Release|Any CPU.ActiveCfg = Release|Any CPU
		{6905F74E-BAD3-4466-8499-6D2B1DFA4676}.Release|Any CPU.Build.0 = Release|Any CPU
		{6905F74E-BAD3-4466-8499-6D2B1DFA4676}.Release|x64.ActiveCfg = Release|Any CPU
		{6905F74E-BAD3-4466-8499-6D2B1DFA4676}.Release|x64.Build.0 = Release|Any CPU
		{6905F74E-BAD3-4466-8499-6D2B1DFA4676}.Release|x86.ActiveCfg = Release|Any CPU
		{6905F74E-BAD3-4466-8499-6D2B1DFA4676}.Release|x86.Build.0 = Release|Any CPU
		{0D3DF8BE-8B9D-43FB-8C6E-C787819F88D9}.Debug|Any CPU.ActiveCfg = Debug|Any CPU
		{0D3DF8BE-8B9D-43FB-8C6E-C787819F88D9}.Debug|Any CPU.Build.0 = Debug|Any CPU
		{0D3DF8BE-8B9D-43FB-8C6E-C787819F88D9}.Debug|x64.ActiveCfg = Debug|Any CPU
		{0D3DF8BE-8B9D-43FB-8C6E-C787819F88D9}.Debug|x64.Build.0 = Debug|Any CPU
		{0D3DF8BE-8B9D-43FB-8C6E-C787819F88D9}.Debug|x86.ActiveCfg = Debug|Any CPU
		{0D3DF8BE-8B9D-43FB-8C6E-C787819F88D9}.Debug|x86.Build.0 = Debug|Any CPU
		{0D3DF8BE-8B9D-43FB-8C6E-C787819F88D9}.Release|Any CPU.ActiveCfg = Release|Any CPU
		{0D3DF8BE-8B9D-43FB-8C6E-C787819F88D9}.Release|Any CPU.Build.0 = Release|Any CPU
		{0D3DF8BE-8B9D-43FB-8C6E-C787819F88D9}.Release|x64.ActiveCfg = Release|Any CPU
		{0D3DF8BE-8B9D-43FB-8C6E-C787819F88D9}.Release|x64.Build.0 = Release|Any CPU
		{0D3DF8BE-8B9D-43FB-8C6E-C787819F88D9}.Release|x86.ActiveCfg = Release|Any CPU
		{0D3DF8BE-8B9D-43FB-8C6E-C787819F88D9}.Release|x86.Build.0 = Release|Any CPU
		{1155E599-4310-4CCD-8AEE-9F612D936A32}.Debug|Any CPU.ActiveCfg = Debug|Any CPU
		{1155E599-4310-4CCD-8AEE-9F612D936A32}.Debug|Any CPU.Build.0 = Debug|Any CPU
		{1155E599-4310-4CCD-8AEE-9F612D936A32}.Debug|x64.ActiveCfg = Debug|Any CPU
		{1155E599-4310-4CCD-8AEE-9F612D936A32}.Debug|x64.Build.0 = Debug|Any CPU
		{1155E599-4310-4CCD-8AEE-9F612D936A32}.Debug|x86.ActiveCfg = Debug|Any CPU
		{1155E599-4310-4CCD-8AEE-9F612D936A32}.Debug|x86.Build.0 = Debug|Any CPU
		{1155E599-4310-4CCD-8AEE-9F612D936A32}.Release|Any CPU.ActiveCfg = Release|Any CPU
		{1155E599-4310-4CCD-8AEE-9F612D936A32}.Release|Any CPU.Build.0 = Release|Any CPU
		{1155E599-4310-4CCD-8AEE-9F612D936A32}.Release|x64.ActiveCfg = Release|Any CPU
		{1155E599-4310-4CCD-8AEE-9F612D936A32}.Release|x64.Build.0 = Release|Any CPU
		{1155E599-4310-4CCD-8AEE-9F612D936A32}.Release|x86.ActiveCfg = Release|Any CPU
		{1155E599-4310-4CCD-8AEE-9F612D936A32}.Release|x86.Build.0 = Release|Any CPU
		{C3F31B94-9330-4398-AF30-2BB151395763}.Debug|Any CPU.ActiveCfg = Debug|Any CPU
		{C3F31B94-9330-4398-AF30-2BB151395763}.Debug|Any CPU.Build.0 = Debug|Any CPU
		{C3F31B94-9330-4398-AF30-2BB151395763}.Debug|x64.ActiveCfg = Debug|Any CPU
		{C3F31B94-9330-4398-AF30-2BB151395763}.Debug|x64.Build.0 = Debug|Any CPU
		{C3F31B94-9330-4398-AF30-2BB151395763}.Debug|x86.ActiveCfg = Debug|Any CPU
		{C3F31B94-9330-4398-AF30-2BB151395763}.Debug|x86.Build.0 = Debug|Any CPU
		{C3F31B94-9330-4398-AF30-2BB151395763}.Release|Any CPU.ActiveCfg = Release|Any CPU
		{C3F31B94-9330-4398-AF30-2BB151395763}.Release|Any CPU.Build.0 = Release|Any CPU
		{C3F31B94-9330-4398-AF30-2BB151395763}.Release|x64.ActiveCfg = Release|Any CPU
		{C3F31B94-9330-4398-AF30-2BB151395763}.Release|x64.Build.0 = Release|Any CPU
		{C3F31B94-9330-4398-AF30-2BB151395763}.Release|x86.ActiveCfg = Release|Any CPU
		{C3F31B94-9330-4398-AF30-2BB151395763}.Release|x86.Build.0 = Release|Any CPU
		{C3FC2874-5477-4067-B624-1270C70B9DA0}.Debug|Any CPU.ActiveCfg = Debug|Any CPU
		{C3FC2874-5477-4067-B624-1270C70B9DA0}.Debug|Any CPU.Build.0 = Debug|Any CPU
		{C3FC2874-5477-4067-B624-1270C70B9DA0}.Debug|x64.ActiveCfg = Debug|Any CPU
		{C3FC2874-5477-4067-B624-1270C70B9DA0}.Debug|x64.Build.0 = Debug|Any CPU
		{C3FC2874-5477-4067-B624-1270C70B9DA0}.Debug|x86.ActiveCfg = Debug|Any CPU
		{C3FC2874-5477-4067-B624-1270C70B9DA0}.Debug|x86.Build.0 = Debug|Any CPU
		{C3FC2874-5477-4067-B624-1270C70B9DA0}.Release|Any CPU.ActiveCfg = Release|Any CPU
		{C3FC2874-5477-4067-B624-1270C70B9DA0}.Release|Any CPU.Build.0 = Release|Any CPU
		{C3FC2874-5477-4067-B624-1270C70B9DA0}.Release|x64.ActiveCfg = Release|Any CPU
		{C3FC2874-5477-4067-B624-1270C70B9DA0}.Release|x64.Build.0 = Release|Any CPU
		{C3FC2874-5477-4067-B624-1270C70B9DA0}.Release|x86.ActiveCfg = Release|Any CPU
		{C3FC2874-5477-4067-B624-1270C70B9DA0}.Release|x86.Build.0 = Release|Any CPU
		{A326CFFD-079C-4593-B0F1-2BCD3B5EC1C5}.Debug|Any CPU.ActiveCfg = Debug|Any CPU
		{A326CFFD-079C-4593-B0F1-2BCD3B5EC1C5}.Debug|Any CPU.Build.0 = Debug|Any CPU
		{A326CFFD-079C-4593-B0F1-2BCD3B5EC1C5}.Debug|x64.ActiveCfg = Debug|Any CPU
		{A326CFFD-079C-4593-B0F1-2BCD3B5EC1C5}.Debug|x64.Build.0 = Debug|Any CPU
		{A326CFFD-079C-4593-B0F1-2BCD3B5EC1C5}.Debug|x86.ActiveCfg = Debug|Any CPU
		{A326CFFD-079C-4593-B0F1-2BCD3B5EC1C5}.Debug|x86.Build.0 = Debug|Any CPU
		{A326CFFD-079C-4593-B0F1-2BCD3B5EC1C5}.Release|Any CPU.ActiveCfg = Release|Any CPU
		{A326CFFD-079C-4593-B0F1-2BCD3B5EC1C5}.Release|Any CPU.Build.0 = Release|Any CPU
		{A326CFFD-079C-4593-B0F1-2BCD3B5EC1C5}.Release|x64.ActiveCfg = Release|Any CPU
		{A326CFFD-079C-4593-B0F1-2BCD3B5EC1C5}.Release|x64.Build.0 = Release|Any CPU
		{A326CFFD-079C-4593-B0F1-2BCD3B5EC1C5}.Release|x86.ActiveCfg = Release|Any CPU
		{A326CFFD-079C-4593-B0F1-2BCD3B5EC1C5}.Release|x86.Build.0 = Release|Any CPU
		{808DF864-59EE-4443-BBF6-9D15D843CBFA}.Debug|Any CPU.ActiveCfg = Debug|Any CPU
		{808DF864-59EE-4443-BBF6-9D15D843CBFA}.Debug|Any CPU.Build.0 = Debug|Any CPU
		{808DF864-59EE-4443-BBF6-9D15D843CBFA}.Debug|x64.ActiveCfg = Debug|Any CPU
		{808DF864-59EE-4443-BBF6-9D15D843CBFA}.Debug|x64.Build.0 = Debug|Any CPU
		{808DF864-59EE-4443-BBF6-9D15D843CBFA}.Debug|x86.ActiveCfg = Debug|Any CPU
		{808DF864-59EE-4443-BBF6-9D15D843CBFA}.Debug|x86.Build.0 = Debug|Any CPU
		{808DF864-59EE-4443-BBF6-9D15D843CBFA}.Release|Any CPU.ActiveCfg = Release|Any CPU
		{808DF864-59EE-4443-BBF6-9D15D843CBFA}.Release|Any CPU.Build.0 = Release|Any CPU
		{808DF864-59EE-4443-BBF6-9D15D843CBFA}.Release|x64.ActiveCfg = Release|Any CPU
		{808DF864-59EE-4443-BBF6-9D15D843CBFA}.Release|x64.Build.0 = Release|Any CPU
		{808DF864-59EE-4443-BBF6-9D15D843CBFA}.Release|x86.ActiveCfg = Release|Any CPU
		{808DF864-59EE-4443-BBF6-9D15D843CBFA}.Release|x86.Build.0 = Release|Any CPU
	EndGlobalSection
	GlobalSection(SolutionProperties) = preSolution
		HideSolutionNode = FALSE
	EndGlobalSection
	GlobalSection(ExtensibilityGlobals) = postSolution
		SolutionGuid = {4DED7185-08A3-4DA1-AD7E-A281143BCACE}
	EndGlobalSection
EndGlobal
